
Microsoft Visual Studio Solution File, Format Version 12.00
# Visual Studio 15
VisualStudioVersion = 15.0.27703.2035
MinimumVisualStudioVersion = 10.0.40219.1
Project("{FAE04EC0-301F-11D3-BF4B-00C04F79EFBC}") = "FastCut.Domain", "FastCut.Domain\FastCut.Domain.csproj", "{453DC782-4890-4D3A-AECD-DFA0EF93839F}"
EndProject
Project("{FAE04EC0-301F-11D3-BF4B-00C04F79EFBC}") = "FastCut.Infra", "FastCut.Infra\FastCut.Infra.csproj", "{EB3F67B3-3370-438F-92E9-5C5A0E80A191}"
EndProject
Project("{FAE04EC0-301F-11D3-BF4B-00C04F79EFBC}") = "FastCut.Shared", "FastCut.Shared\FastCut.Shared.csproj", "{633931E9-7133-4DD0-BB9C-0A36D08DF04A}"
EndProject
Global
	GlobalSection(SolutionConfigurationPlatforms) = preSolution
		Debug|Any CPU = Debug|Any CPU
		Release|Any CPU = Release|Any CPU
	EndGlobalSection
	GlobalSection(ProjectConfigurationPlatforms) = postSolution
		{453DC782-4890-4D3A-AECD-DFA0EF93839F}.Debug|Any CPU.ActiveCfg = Debug|Any CPU
		{453DC782-4890-4D3A-AECD-DFA0EF93839F}.Debug|Any CPU.Build.0 = Debug|Any CPU
		{453DC782-4890-4D3A-AECD-DFA0EF93839F}.Release|Any CPU.ActiveCfg = Release|Any CPU
		{453DC782-4890-4D3A-AECD-DFA0EF93839F}.Release|Any CPU.Build.0 = Release|Any CPU
		{EB3F67B3-3370-438F-92E9-5C5A0E80A191}.Debug|Any CPU.ActiveCfg = Debug|Any CPU
		{EB3F67B3-3370-438F-92E9-5C5A0E80A191}.Debug|Any CPU.Build.0 = Debug|Any CPU
		{EB3F67B3-3370-438F-92E9-5C5A0E80A191}.Release|Any CPU.ActiveCfg = Release|Any CPU
		{EB3F67B3-3370-438F-92E9-5C5A0E80A191}.Release|Any CPU.Build.0 = Release|Any CPU
		{633931E9-7133-4DD0-BB9C-0A36D08DF04A}.Debug|Any CPU.ActiveCfg = Debug|Any CPU
		{633931E9-7133-4DD0-BB9C-0A36D08DF04A}.Debug|Any CPU.Build.0 = Debug|Any CPU
		{633931E9-7133-4DD0-BB9C-0A36D08DF04A}.Release|Any CPU.ActiveCfg = Release|Any CPU
		{633931E9-7133-4DD0-BB9C-0A36D08DF04A}.Release|Any CPU.Build.0 = Release|Any CPU
	EndGlobalSection
	GlobalSection(SolutionProperties) = preSolution
		HideSolutionNode = FALSE
	EndGlobalSection
	GlobalSection(ExtensibilityGlobals) = postSolution
		SolutionGuid = {C9B16C2C-C15B-4DAC-A29D-428B74217FF1}
	EndGlobalSection
EndGlobal
