
Microsoft Visual Studio Solution File, Format Version 12.00
# Visual Studio 15
VisualStudioVersion = 15.0.27703.2035
MinimumVisualStudioVersion = 10.0.40219.1
Project("{9A19103F-16F7-4668-BE54-9A1E7A4F7556}") = "FastCut.Domain", "FastCut.Domain\FastCut.Domain.csproj", "{453DC782-4890-4D3A-AECD-DFA0EF93839F}"
EndProject
Project("{9A19103F-16F7-4668-BE54-9A1E7A4F7556}") = "FastCut.Infra", "FastCut.Infra\FastCut.Infra.csproj", "{EB3F67B3-3370-438F-92E9-5C5A0E80A191}"
EndProject
Project("{9A19103F-16F7-4668-BE54-9A1E7A4F7556}") = "FastCut.Shared", "FastCut.Shared\FastCut.Shared.csproj", "{633931E9-7133-4DD0-BB9C-0A36D08DF04A}"
EndProject
Project("{9A19103F-16F7-4668-BE54-9A1E7A4F7556}") = "FastCut.Api", "FastCut.Api\FastCut.Api.csproj", "{6B98EBB6-DEEE-40E7-9495-AD8CD04B1D62}"
EndProject
Project("{9A19103F-16F7-4668-BE54-9A1E7A4F7556}") = "FastCut.Tests", "FastCut.Tests\FastCut.Tests.csproj", "{FEE595E3-E68E-4A91-83B0-F48E5EA466F2}"
EndProject
Project("{FAE04EC0-301F-11D3-BF4B-00C04F79EFBC}") = "FastCut.Bus", "FastCut.Bus\FastCut.Bus.csproj", "{3355CA3A-8213-492B-ABB8-2B06BDFD1C29}"
EndProject
Global
	GlobalSection(SolutionConfigurationPlatforms) = preSolution
		Debug|Any CPU = Debug|Any CPU
		Release|Any CPU = Release|Any CPU
	EndGlobalSection
	GlobalSection(ProjectConfigurationPlatforms) = postSolution
		{453DC782-4890-4D3A-AECD-DFA0EF93839F}.Debug|Any CPU.ActiveCfg = Debug|Any CPU
		{453DC782-4890-4D3A-AECD-DFA0EF93839F}.Debug|Any CPU.Build.0 = Debug|Any CPU
		{453DC782-4890-4D3A-AECD-DFA0EF93839F}.Release|Any CPU.ActiveCfg = Release|Any CPU
		{453DC782-4890-4D3A-AECD-DFA0EF93839F}.Release|Any CPU.Build.0 = Release|Any CPU
		{EB3F67B3-3370-438F-92E9-5C5A0E80A191}.Debug|Any CPU.ActiveCfg = Debug|Any CPU
		{EB3F67B3-3370-438F-92E9-5C5A0E80A191}.Debug|Any CPU.Build.0 = Debug|Any CPU
		{EB3F67B3-3370-438F-92E9-5C5A0E80A191}.Release|Any CPU.ActiveCfg = Release|Any CPU
		{EB3F67B3-3370-438F-92E9-5C5A0E80A191}.Release|Any CPU.Build.0 = Release|Any CPU
		{633931E9-7133-4DD0-BB9C-0A36D08DF04A}.Debug|Any CPU.ActiveCfg = Debug|Any CPU
		{633931E9-7133-4DD0-BB9C-0A36D08DF04A}.Debug|Any CPU.Build.0 = Debug|Any CPU
		{633931E9-7133-4DD0-BB9C-0A36D08DF04A}.Release|Any CPU.ActiveCfg = Release|Any CPU
		{633931E9-7133-4DD0-BB9C-0A36D08DF04A}.Release|Any CPU.Build.0 = Release|Any CPU
		{6B98EBB6-DEEE-40E7-9495-AD8CD04B1D62}.Debug|Any CPU.ActiveCfg = Debug|Any CPU
		{6B98EBB6-DEEE-40E7-9495-AD8CD04B1D62}.Debug|Any CPU.Build.0 = Debug|Any CPU
		{6B98EBB6-DEEE-40E7-9495-AD8CD04B1D62}.Release|Any CPU.ActiveCfg = Release|Any CPU
		{6B98EBB6-DEEE-40E7-9495-AD8CD04B1D62}.Release|Any CPU.Build.0 = Release|Any CPU
		{FEE595E3-E68E-4A91-83B0-F48E5EA466F2}.Debug|Any CPU.ActiveCfg = Debug|Any CPU
		{FEE595E3-E68E-4A91-83B0-F48E5EA466F2}.Debug|Any CPU.Build.0 = Debug|Any CPU
		{FEE595E3-E68E-4A91-83B0-F48E5EA466F2}.Release|Any CPU.ActiveCfg = Release|Any CPU
		{FEE595E3-E68E-4A91-83B0-F48E5EA466F2}.Release|Any CPU.Build.0 = Release|Any CPU
		{3355CA3A-8213-492B-ABB8-2B06BDFD1C29}.Debug|Any CPU.ActiveCfg = Debug|Any CPU
		{3355CA3A-8213-492B-ABB8-2B06BDFD1C29}.Debug|Any CPU.Build.0 = Debug|Any CPU
		{3355CA3A-8213-492B-ABB8-2B06BDFD1C29}.Release|Any CPU.ActiveCfg = Release|Any CPU
		{3355CA3A-8213-492B-ABB8-2B06BDFD1C29}.Release|Any CPU.Build.0 = Release|Any CPU
	EndGlobalSection
	GlobalSection(SolutionProperties) = preSolution
		HideSolutionNode = FALSE
	EndGlobalSection
	GlobalSection(ExtensibilityGlobals) = postSolution
		SolutionGuid = {C9B16C2C-C15B-4DAC-A29D-428B74217FF1}
	EndGlobalSection
EndGlobal
